<?xml version="1.0" encoding="utf-8"?>
<Project ToolsVersion="4.0" xmlns="http://schemas.microsoft.com/developer/msbuild/2003">
  <ItemGroup>
    <Filter Include="System">
      <UniqueIdentifier>{44d25ab9-b8b1-49bd-9196-085ee9bb6a8d}</UniqueIdentifier>
    </Filter>
    <Filter Include="GameObject">
      <UniqueIdentifier>{d0c680fd-6c7e-46d3-8d46-7e2570685b95}</UniqueIdentifier>
    </Filter>
    <Filter Include="Shader">
      <UniqueIdentifier>{a41e2ebb-7283-4e37-be9e-678333891a7e}</UniqueIdentifier>
    </Filter>
    <Filter Include="Tool">
      <UniqueIdentifier>{a21b88db-02ff-494f-a4c3-6427b4626fe0}</UniqueIdentifier>
    </Filter>
    <Filter Include="Scene">
      <UniqueIdentifier>{0e9612e7-b7ac-437d-a0b1-8709ee43711f}</UniqueIdentifier>
    </Filter>
    <Filter Include="GUI">
      <UniqueIdentifier>{7aaaad1c-9832-4942-aad7-1b4c118820b1}</UniqueIdentifier>
    </Filter>
    <Filter Include="Framework">
      <UniqueIdentifier>{dce5457b-a6de-4273-a15e-4a8767444660}</UniqueIdentifier>
    </Filter>
  </ItemGroup>
  <ItemGroup>
    <ClInclude Include="Main.h">
      <Filter>System</Filter>
    </ClInclude>
    <ClInclude Include="Manager.h">
      <Filter>System</Filter>
    </ClInclude>
    <ClInclude Include="Renderer.h">
      <Filter>System</Filter>
    </ClInclude>
    <ClInclude Include="DXTrace.h">
      <Filter>System</Filter>
    </ClInclude>
    <ClInclude Include="d3dUtil.h">
      <Filter>System</Filter>
    </ClInclude>
    <ClInclude Include="Polygon.h">
      <Filter>GameObject</Filter>
    </ClInclude>
    <ClInclude Include="Camera.h">
      <Filter>GameObject</Filter>
    </ClInclude>
    <ClInclude Include="Keyboard.h">
      <Filter>Tool</Filter>
    </ClInclude>
    <ClInclude Include="Mouse.h">
      <Filter>Tool</Filter>
    </ClInclude>
    <ClInclude Include="Text.h">
      <Filter>Tool</Filter>
    </ClInclude>
    <ClInclude Include="DDSTextureLoader.h">
      <Filter>Tool</Filter>
    </ClInclude>
    <ClInclude Include="WICTextureLoader.h">
      <Filter>Tool</Filter>
    </ClInclude>
    <ClInclude Include="Light.h">
      <Filter>GameObject</Filter>
    </ClInclude>
    <ClInclude Include="LightHelper.h">
      <Filter>Tool</Filter>
    </ClInclude>
    <ClInclude Include="Transform.h">
      <Filter>GameObject</Filter>
    </ClInclude>
    <ClInclude Include="RenderStates.h">
      <Filter>Tool</Filter>
    </ClInclude>
    <ClInclude Include="Scene.h">
      <Filter>Scene</Filter>
    </ClInclude>
    <ClInclude Include="Game.h">
      <Filter>Scene</Filter>
    </ClInclude>
    <ClInclude Include="GameTimer.h">
      <Filter>Tool</Filter>
    </ClInclude>
    <ClInclude Include="AnimationModel.h">
      <Filter>Tool</Filter>
    </ClInclude>
    <ClInclude Include="Player.h">
      <Filter>GameObject</Filter>
    </ClInclude>
    <ClInclude Include="CGUI.h">
      <Filter>GUI</Filter>
    </ClInclude>
    <ClInclude Include="imgui_impl_dx11.h">
      <Filter>GUI</Filter>
    </ClInclude>
    <ClInclude Include="imgui_impl_win32.h">
      <Filter>GUI</Filter>
    </ClInclude>
    <ClInclude Include="imconfig.h">
      <Filter>GUI</Filter>
    </ClInclude>
    <ClInclude Include="imgui.h">
      <Filter>GUI</Filter>
    </ClInclude>
    <ClInclude Include="imgui_internal.h">
      <Filter>GUI</Filter>
    </ClInclude>
    <ClInclude Include="imstb_rectpack.h">
      <Filter>GUI</Filter>
    </ClInclude>
    <ClInclude Include="imstb_textedit.h">
      <Filter>GUI</Filter>
    </ClInclude>
    <ClInclude Include="imstb_truetype.h">
      <Filter>GUI</Filter>
    </ClInclude>
    <ClInclude Include="GameObject.h">
      <Filter>Framework</Filter>
    </ClInclude>
    <ClInclude Include="Field.h">
      <Filter>GameObject</Filter>
    </ClInclude>
    <ClInclude Include="input.h">
      <Filter>Tool</Filter>
    </ClInclude>
  </ItemGroup>
  <ItemGroup>
    <ClCompile Include="Main.cpp">
      <Filter>System</Filter>
    </ClCompile>
    <ClCompile Include="Manager.cpp">
      <Filter>System</Filter>
    </ClCompile>
    <ClCompile Include="Renderer.cpp">
      <Filter>System</Filter>
    </ClCompile>
    <ClCompile Include="DXTrace.cpp">
      <Filter>System</Filter>
    </ClCompile>
    <ClCompile Include="d3dUtil.cpp">
      <Filter>System</Filter>
    </ClCompile>
    <ClCompile Include="Polygon.cpp">
      <Filter>GameObject</Filter>
    </ClCompile>
    <ClCompile Include="Camera.cpp">
      <Filter>GameObject</Filter>
    </ClCompile>
    <ClCompile Include="Keyboard.cpp">
      <Filter>Tool</Filter>
    </ClCompile>
    <ClCompile Include="Mouse.cpp">
      <Filter>Tool</Filter>
    </ClCompile>
    <ClCompile Include="Text.cpp">
      <Filter>Tool</Filter>
    </ClCompile>
    <ClCompile Include="DDSTextureLoader.cpp">
      <Filter>Tool</Filter>
    </ClCompile>
    <ClCompile Include="WICTextureLoader.cpp">
      <Filter>Tool</Filter>
    </ClCompile>
    <ClCompile Include="Light.cpp">
      <Filter>GameObject</Filter>
    </ClCompile>
    <ClCompile Include="Transform.cpp">
      <Filter>GameObject</Filter>
    </ClCompile>
    <ClCompile Include="RenderStates.cpp">
      <Filter>Tool</Filter>
    </ClCompile>
    <ClCompile Include="Scene.cpp">
      <Filter>Scene</Filter>
    </ClCompile>
    <ClCompile Include="Game.cpp">
      <Filter>Scene</Filter>
    </ClCompile>
    <ClCompile Include="GameTimer.cpp">
      <Filter>Tool</Filter>
    </ClCompile>
    <ClCompile Include="AnimationModel.cpp">
      <Filter>Tool</Filter>
    </ClCompile>
    <ClCompile Include="Player.cpp">
      <Filter>GameObject</Filter>
    </ClCompile>
    <ClCompile Include="CGUI.cpp">
      <Filter>GUI</Filter>
    </ClCompile>
    <ClCompile Include="imgui_impl_dx11.cpp">
      <Filter>GUI</Filter>
    </ClCompile>
    <ClCompile Include="imgui_impl_win32.cpp">
      <Filter>GUI</Filter>
    </ClCompile>
    <ClCompile Include="imgui.cpp">
      <Filter>GUI</Filter>
    </ClCompile>
    <ClCompile Include="imgui_demo.cpp">
      <Filter>GUI</Filter>
    </ClCompile>
    <ClCompile Include="imgui_draw.cpp">
      <Filter>GUI</Filter>
    </ClCompile>
    <ClCompile Include="imgui_widgets.cpp">
      <Filter>GUI</Filter>
    </ClCompile>
    <ClCompile Include="Field.cpp">
      <Filter>GameObject</Filter>
    </ClCompile>
    <ClCompile Include="input.cpp">
      <Filter>Tool</Filter>
    </ClCompile>
  </ItemGroup>
  <ItemGroup>
    <None Include="Common.hlsli">
      <Filter>Shader</Filter>
    </None>
    <None Include="LightHelper.hlsli">
      <Filter>Shader</Filter>
    </None>
  </ItemGroup>
  <ItemGroup>
    <FxCompile Include="LightPS.hlsl">
      <Filter>Shader</Filter>
    </FxCompile>
    <FxCompile Include="LightVS.hlsl">
      <Filter>Shader</Filter>
    </FxCompile>
    <FxCompile Include="2DVS.hlsl">
      <Filter>Shader</Filter>
    </FxCompile>
    <FxCompile Include="2DPS.hlsl">
      <Filter>Shader</Filter>
    </FxCompile>
    <FxCompile Include="normalMapVS.hlsl">
      <Filter>Shader</Filter>
    </FxCompile>
    <FxCompile Include="normalMapPS.hlsl">
      <Filter>Shader</Filter>
    </FxCompile>
  </ItemGroup>
  <ItemGroup>
    <Text Include="History.txt" />
  </ItemGroup>
</Project>